
Microsoft Visual Studio Solution File, Format Version 12.00
# Visual Studio Version 16
VisualStudioVersion = 16.0.31112.23
MinimumVisualStudioVersion = 10.0.40219.1
Project("{FAE04EC0-301F-11D3-BF4B-00C04F79EFBC}") = "Melt The Jelly Game", "Melt The Jelly Game\Melt The Jelly Game.csproj", "{99E0EA7C-6571-48ED-81C1-19E22DAFEC22}"
EndProject
Global
	GlobalSection(SolutionConfigurationPlatforms) = preSolution
		Debug|Any CPU = Debug|Any CPU
		Release|Any CPU = Release|Any CPU
	EndGlobalSection
	GlobalSection(ProjectConfigurationPlatforms) = postSolution
		{99E0EA7C-6571-48ED-81C1-19E22DAFEC22}.Debug|Any CPU.ActiveCfg = Debug|Any CPU
		{99E0EA7C-6571-48ED-81C1-19E22DAFEC22}.Debug|Any CPU.Build.0 = Debug|Any CPU
		{99E0EA7C-6571-48ED-81C1-19E22DAFEC22}.Release|Any CPU.ActiveCfg = Release|Any CPU
		{99E0EA7C-6571-48ED-81C1-19E22DAFEC22}.Release|Any CPU.Build.0 = Release|Any CPU
	EndGlobalSection
	GlobalSection(SolutionProperties) = preSolution
		HideSolutionNode = FALSE
	EndGlobalSection
	GlobalSection(ExtensibilityGlobals) = postSolution
		SolutionGuid = {2BDF518F-ADEC-4CA4-839A-A306237A6FEB}
	EndGlobalSection
EndGlobal
